
Microsoft Visual Studio Solution File, Format Version 12.00
# Visual Studio Version 17
VisualStudioVersion = 17.2.32630.192
MinimumVisualStudioVersion = 10.0.40219.1
Project("{FAE04EC0-301F-11D3-BF4B-00C04F79EFBC}") = "EnglishWordGameGUI", "EnglishWordGameGUI\EnglishWordGameGUI.csproj", "{C36C262B-D401-4731-B5A6-9A0B56EE5351}"
EndProject
Project("{FAE04EC0-301F-11D3-BF4B-00C04F79EFBC}") = "EnglishWordGameBackEnd", "EnglishWordGameBackEnd\EnglishWordGameBackEnd.csproj", "{9A5BB568-0150-4157-A76E-3C63352697EC}"
EndProject
Project("{FAE04EC0-301F-11D3-BF4B-00C04F79EFBC}") = "EnglishWordGameTest", "EnglishWordGameTest\EnglishWordGameTest.csproj", "{54D529C8-1D7D-42E1-AA9C-F416AE70724D}"
EndProject
Global
	GlobalSection(SolutionConfigurationPlatforms) = preSolution
		Debug|Any CPU = Debug|Any CPU
		Release|Any CPU = Release|Any CPU
	EndGlobalSection
	GlobalSection(ProjectConfigurationPlatforms) = postSolution
		{C36C262B-D401-4731-B5A6-9A0B56EE5351}.Debug|Any CPU.ActiveCfg = Debug|Any CPU
		{C36C262B-D401-4731-B5A6-9A0B56EE5351}.Debug|Any CPU.Build.0 = Debug|Any CPU
		{C36C262B-D401-4731-B5A6-9A0B56EE5351}.Release|Any CPU.ActiveCfg = Release|Any CPU
		{C36C262B-D401-4731-B5A6-9A0B56EE5351}.Release|Any CPU.Build.0 = Release|Any CPU
		{9A5BB568-0150-4157-A76E-3C63352697EC}.Debug|Any CPU.ActiveCfg = Debug|Any CPU
		{9A5BB568-0150-4157-A76E-3C63352697EC}.Debug|Any CPU.Build.0 = Debug|Any CPU
		{9A5BB568-0150-4157-A76E-3C63352697EC}.Release|Any CPU.ActiveCfg = Release|Any CPU
		{9A5BB568-0150-4157-A76E-3C63352697EC}.Release|Any CPU.Build.0 = Release|Any CPU
		{54D529C8-1D7D-42E1-AA9C-F416AE70724D}.Debug|Any CPU.ActiveCfg = Debug|Any CPU
		{54D529C8-1D7D-42E1-AA9C-F416AE70724D}.Debug|Any CPU.Build.0 = Debug|Any CPU
		{54D529C8-1D7D-42E1-AA9C-F416AE70724D}.Release|Any CPU.ActiveCfg = Release|Any CPU
		{54D529C8-1D7D-42E1-AA9C-F416AE70724D}.Release|Any CPU.Build.0 = Release|Any CPU
	EndGlobalSection
	GlobalSection(SolutionProperties) = preSolution
		HideSolutionNode = FALSE
	EndGlobalSection
	GlobalSection(ExtensibilityGlobals) = postSolution
		SolutionGuid = {C87DF7D7-BD8C-4565-BC72-51D69130D43A}
	EndGlobalSection
EndGlobal
